
Microsoft Visual Studio Solution File, Format Version 12.00
# Visual Studio Version 17
VisualStudioVersion = 17.6.33829.357
MinimumVisualStudioVersion = 10.0.40219.1
Project("{9A19103F-16F7-4668-BE54-9A1E7A4F7556}") = "YacoPila", "YacoPila.csproj", "{78F1D1E8-6802-455C-8F10-73C98ABCBA21}"
EndProject
Project("{54435603-DBB4-11D2-8724-00A0C9A8B90C}") = "YacoPilaSetUp", "YacoPilaSetUp.vdproj", "{5E4B9958-97FA-46CD-846A-147671109193}"
EndProject
Global
	GlobalSection(SolutionConfigurationPlatforms) = preSolution
		Debug|Any CPU = Debug|Any CPU
		Release|Any CPU = Release|Any CPU
	EndGlobalSection
	GlobalSection(ProjectConfigurationPlatforms) = postSolution
		{78F1D1E8-6802-455C-8F10-73C98ABCBA21}.Debug|Any CPU.ActiveCfg = Debug|Any CPU
		{78F1D1E8-6802-455C-8F10-73C98ABCBA21}.Debug|Any CPU.Build.0 = Debug|Any CPU
		{78F1D1E8-6802-455C-8F10-73C98ABCBA21}.Release|Any CPU.ActiveCfg = Release|Any CPU
		{78F1D1E8-6802-455C-8F10-73C98ABCBA21}.Release|Any CPU.Build.0 = Release|Any CPU
		{5E4B9958-97FA-46CD-846A-147671109193}.Debug|Any CPU.ActiveCfg = Debug
		{5E4B9958-97FA-46CD-846A-147671109193}.Release|Any CPU.ActiveCfg = Release
	EndGlobalSection
	GlobalSection(SolutionProperties) = preSolution
		HideSolutionNode = FALSE
	EndGlobalSection
	GlobalSection(ExtensibilityGlobals) = postSolution
		SolutionGuid = {5ECFEDAA-6899-449A-94F7-4212559D5D2C}
	EndGlobalSection
EndGlobal
